
Microsoft Visual Studio Solution File, Format Version 12.00
# Visual Studio Version 16
VisualStudioVersion = 16.0.31205.134
MinimumVisualStudioVersion = 10.0.40219.1
Project("{FAE04EC0-301F-11D3-BF4B-00C04F79EFBC}") = "my-books", "my-books\my-books.csproj", "{95527B13-8743-4B05-9A81-3E2F29F7FEBF}"
EndProject
Global
	GlobalSection(SolutionConfigurationPlatforms) = preSolution
		Debug|Any CPU = Debug|Any CPU
		Release|Any CPU = Release|Any CPU
	EndGlobalSection
	GlobalSection(ProjectConfigurationPlatforms) = postSolution
		{95527B13-8743-4B05-9A81-3E2F29F7FEBF}.Debug|Any CPU.ActiveCfg = Debug|Any CPU
		{95527B13-8743-4B05-9A81-3E2F29F7FEBF}.Debug|Any CPU.Build.0 = Debug|Any CPU
		{95527B13-8743-4B05-9A81-3E2F29F7FEBF}.Release|Any CPU.ActiveCfg = Release|Any CPU
		{95527B13-8743-4B05-9A81-3E2F29F7FEBF}.Release|Any CPU.Build.0 = Release|Any CPU
	EndGlobalSection
	GlobalSection(SolutionProperties) = preSolution
		HideSolutionNode = FALSE
	EndGlobalSection
	GlobalSection(ExtensibilityGlobals) = postSolution
		SolutionGuid = {EFFEA9BF-20C5-4C30-BBA7-CFD006D66F2D}
	EndGlobalSection
EndGlobal
